// !$*UTF8*$!
{
	archiveVersion = 1;
	classes = {
	};
	objectVersion = 46;
	objects = {

/* Begin PBXBuildFile section */
		269249DF1B14ECD6005CC052 /* AppDelegate.swift in Sources */ = {isa = PBXBuildFile; fileRef = 269249DE1B14ECD6005CC052 /* AppDelegate.swift */; };
		269249E11B14ECD6005CC052 /* ViewController.swift in Sources */ = {isa = PBXBuildFile; fileRef = 269249E01B14ECD6005CC052 /* ViewController.swift */; };
		269249E41B14ECD6005CC052 /* Main.storyboard in Resources */ = {isa = PBXBuildFile; fileRef = 269249E21B14ECD6005CC052 /* Main.storyboard */; };
		269249E61B14ECD6005CC052 /* Images.xcassets in Resources */ = {isa = PBXBuildFile; fileRef = 269249E51B14ECD6005CC052 /* Images.xcassets */; };
		269249E91B14ECD6005CC052 /* LaunchScreen.xib in Resources */ = {isa = PBXBuildFile; fileRef = 269249E71B14ECD6005CC052 /* LaunchScreen.xib */; };
		269249F51B14ECD7005CC052 /* YellrTests.swift in Sources */ = {isa = PBXBuildFile; fileRef = 269249F41B14ECD7005CC052 /* YellrTests.swift */; };
/* End PBXBuildFile section */

/* Begin PBXContainerItemProxy section */
		269249EF1B14ECD7005CC052 /* PBXContainerItemProxy */ = {
			isa = PBXContainerItemProxy;
			containerPortal = 269249D11B14ECD6005CC052 /* Project object */;
			proxyType = 1;
			remoteGlobalIDString = 269249D81B14ECD6005CC052;
			remoteInfo = Yellr;
		};
/* End PBXContainerItemProxy section */

/* Begin PBXFileReference section */
		269249D91B14ECD6005CC052 /* Yellr.app */ = {isa = PBXFileReference; explicitFileType = wrapper.application; includeInIndex = 0; path = Yellr.app; sourceTree = BUILT_PRODUCTS_DIR; };
		269249DD1B14ECD6005CC052 /* Info.plist */ = {isa = PBXFileReference; lastKnownFileType = text.plist.xml; path = Info.plist; sourceTree = "<group>"; };
		269249DE1B14ECD6005CC052 /* AppDelegate.swift */ = {isa = PBXFileReference; lastKnownFileType = sourcecode.swift; path = AppDelegate.swift; sourceTree = "<group>"; };
		269249E01B14ECD6005CC052 /* ViewController.swift */ = {isa = PBXFileReference; lastKnownFileType = sourcecode.swift; path = ViewController.swift; sourceTree = "<group>"; };
		269249E31B14ECD6005CC052 /* Base */ = {isa = PBXFileReference; lastKnownFileType = file.storyboard; name = Base; path = Base.lproj/Main.storyboard; sourceTree = "<group>"; };
		269249E51B14ECD6005CC052 /* Images.xcassets */ = {isa = PBXFileReference; lastKnownFileType = folder.assetcatalog; path = Images.xcassets; sourceTree = "<group>"; };
		269249E81B14ECD6005CC052 /* Base */ = {isa = PBXFileReference; lastKnownFileType = file.xib; name = Base; path = Base.lproj/LaunchScreen.xib; sourceTree = "<group>"; };
		269249EE1B14ECD7005CC052 /* YellrTests.xctest */ = {isa = PBXFileReference; explicitFileType = wrapper.cfbundle; includeInIndex = 0; path = YellrTests.xctest; sourceTree = BUILT_PRODUCTS_DIR; };
		269249F31B14ECD7005CC052 /* Info.plist */ = {isa = PBXFileReference; lastKnownFileType = text.plist.xml; path = Info.plist; sourceTree = "<group>"; };
		269249F41B14ECD7005CC052 /* YellrTests.swift */ = {isa = PBXFileReference; lastKnownFileType = sourcecode.swift; path = YellrTests.swift; sourceTree = "<group>"; };
/* End PBXFileReference section */

/* Begin PBXFrameworksBuildPhase section */
		269249D61B14ECD6005CC052 /* Frameworks */ = {
			isa = PBXFrameworksBuildPhase;
			buildActionMask = 2147483647;
			files = (
			);
			runOnlyForDeploymentPostprocessing = 0;
		};
		269249EB1B14ECD7005CC052 /* Frameworks */ = {
			isa = PBXFrameworksBuildPhase;
			buildActionMask = 2147483647;
			files = (
			);
			runOnlyForDeploymentPostprocessing = 0;
		};
/* End PBXFrameworksBuildPhase section */

/* Begin PBXGroup section */
		269249D01B14ECD6005CC052 = {
			isa = PBXGroup;
			children = (
				269249DB1B14ECD6005CC052 /* Yellr */,
				269249F11B14ECD7005CC052 /* YellrTests */,
				269249DA1B14ECD6005CC052 /* Products */,
			);
			sourceTree = "<group>";
		};
		269249DA1B14ECD6005CC052 /* Products */ = {
			isa = PBXGroup;
			children = (
				269249D91B14ECD6005CC052 /* Yellr.app */,
				269249EE1B14ECD7005CC052 /* YellrTests.xctest */,
			);
			name = Products;
			sourceTree = "<group>";
		};
		269249DB1B14ECD6005CC052 /* Yellr */ = {
			isa = PBXGroup;
			children = (
				269249DE1B14ECD6005CC052 /* AppDelegate.swift */,
				269249E01B14ECD6005CC052 /* ViewController.swift */,
				269249E21B14ECD6005CC052 /* Main.storyboard */,
				269249E51B14ECD6005CC052 /* Images.xcassets */,
				269249E71B14ECD6005CC052 /* LaunchScreen.xib */,
				269249DC1B14ECD6005CC052 /* Supporting Files */,
			);
			path = Yellr;
			sourceTree = "<group>";
		};
		269249DC1B14ECD6005CC052 /* Supporting Files */ = {
			isa = PBXGroup;
			children = (
				269249DD1B14ECD6005CC052 /* Info.plist */,
			);
			name = "Supporting Files";
			sourceTree = "<group>";
		};
		269249F11B14ECD7005CC052 /* YellrTests */ = {
			isa = PBXGroup;
			children = (
				269249F41B14ECD7005CC052 /* YellrTests.swift */,
				269249F21B14ECD7005CC052 /* Supporting Files */,
			);
			path = YellrTests;
			sourceTree = "<group>";
		};
		269249F21B14ECD7005CC052 /* Supporting Files */ = {
			isa = PBXGroup;
			children = (
				269249F31B14ECD7005CC052 /* Info.plist */,
			);
			name = "Supporting Files";
			sourceTree = "<group>";
		};
/* End PBXGroup section */

/* Begin PBXNativeTarget section */
		269249D81B14ECD6005CC052 /* Yellr */ = {
			isa = PBXNativeTarget;
			buildConfigurationList = 269249F81B14ECD7005CC052 /* Build configuration list for PBXNativeTarget "Yellr" */;
			buildPhases = (
				269249D51B14ECD6005CC052 /* Sources */,
				269249D61B14ECD6005CC052 /* Frameworks */,
				269249D71B14ECD6005CC052 /* Resources */,
			);
			buildRules = (
			);
			dependencies = (
			);
			name = Yellr;
			productName = Yellr;
			productReference = 269249D91B14ECD6005CC052 /* Yellr.app */;
			productType = "com.apple.product-type.application";
		};
		269249ED1B14ECD7005CC052 /* YellrTests */ = {
			isa = PBXNativeTarget;
			buildConfigurationList = 269249FB1B14ECD7005CC052 /* Build configuration list for PBXNativeTarget "YellrTests" */;
			buildPhases = (
				269249EA1B14ECD7005CC052 /* Sources */,
				269249EB1B14ECD7005CC052 /* Frameworks */,
				269249EC1B14ECD7005CC052 /* Resources */,
			);
			buildRules = (
			);
			dependencies = (
				269249F01B14ECD7005CC052 /* PBXTargetDependency */,
			);
			name = YellrTests;
			productName = YellrTests;
			productReference = 269249EE1B14ECD7005CC052 /* YellrTests.xctest */;
			productType = "com.apple.product-type.bundle.unit-test";
		};
/* End PBXNativeTarget section */

/* Begin PBXProject section */
		269249D11B14ECD6005CC052 /* Project object */ = {
			isa = PBXProject;
			attributes = {
				LastUpgradeCheck = 0610;
				ORGANIZATIONNAME = wxxi;
				TargetAttributes = {
					269249D81B14ECD6005CC052 = {
						CreatedOnToolsVersion = 6.1;
					};
					269249ED1B14ECD7005CC052 = {
						CreatedOnToolsVersion = 6.1;
						TestTargetID = 269249D81B14ECD6005CC052;
					};
				};
			};
			buildConfigurationList = 269249D41B14ECD6005CC052 /* Build configuration list for PBXProject "Yellr" */;
			compatibilityVersion = "Xcode 3.2";
			developmentRegion = English;
			hasScannedForEncodings = 0;
			knownRegions = (
				en,
				Base,
			);
			mainGroup = 269249D01B14ECD6005CC052;
			productRefGroup = 269249DA1B14ECD6005CC052 /* Products */;
			projectDirPath = "";
			projectRoot = "";
			targets = (
				269249D81B14ECD6005CC052 /* Yellr */,
				269249ED1B14ECD7005CC052 /* YellrTests */,
			);
		};
/* End PBXProject section */

/* Begin PBXResourcesBuildPhase section */
		269249D71B14ECD6005CC052 /* Resources */ = {
			isa = PBXResourcesBuildPhase;
			buildActionMask = 2147483647;
			files = (
				269249E41B14ECD6005CC052 /* Main.storyboard in Resources */,
				269249E91B14ECD6005CC052 /* LaunchScreen.xib in Resources */,
				269249E61B14ECD6005CC052 /* Images.xcassets in Resources */,
			);
			runOnlyForDeploymentPostprocessing = 0;
		};
		269249EC1B14ECD7005CC052 /* Resources */ = {
			isa = PBXResourcesBuildPhase;
			buildActionMask = 2147483647;
			files = (
			);
			runOnlyForDeploymentPostprocessing = 0;
		};
/* End PBXResourcesBuildPhase section */

/* Begin PBXSourcesBuildPhase section */
		269249D51B14ECD6005CC052 /* Sources */ = {
			isa = PBXSourcesBuildPhase;
			buildActionMask = 2147483647;
			files = (
				269249E11B14ECD6005CC052 /* ViewController.swift in Sources */,
				269249DF1B14ECD6005CC052 /* AppDelegate.swift in Sources */,
			);
			runOnlyForDeploymentPostprocessing = 0;
		};
		269249EA1B14ECD7005CC052 /* Sources */ = {
			isa = PBXSourcesBuildPhase;
			buildActionMask = 2147483647;
			files = (
				269249F51B14ECD7005CC052 /* YellrTests.swift in Sources */,
			);
			runOnlyForDeploymentPostprocessing = 0;
		};
/* End PBXSourcesBuildPhase section */

/* Begin PBXTargetDependency section */
		269249F01B14ECD7005CC052 /* PBXTargetDependency */ = {
			isa = PBXTargetDependency;
			target = 269249D81B14ECD6005CC052 /* Yellr */;
			targetProxy = 269249EF1B14ECD7005CC052 /* PBXContainerItemProxy */;
		};
/* End PBXTargetDependency section */

/* Begin PBXVariantGroup section */
		269249E21B14ECD6005CC052 /* Main.storyboard */ = {
			isa = PBXVariantGroup;
			children = (
				269249E31B14ECD6005CC052 /* Base */,
			);
			name = Main.storyboard;
			sourceTree = "<group>";
		};
		269249E71B14ECD6005CC052 /* LaunchScreen.xib */ = {
			isa = PBXVariantGroup;
			children = (
				269249E81B14ECD6005CC052 /* Base */,
			);
			name = LaunchScreen.xib;
			sourceTree = "<group>";
		};
/* End PBXVariantGroup section */

/* Begin XCBuildConfiguration section */
		269249F61B14ECD7005CC052 /* Debug */ = {
			isa = XCBuildConfiguration;
			buildSettings = {
				ALWAYS_SEARCH_USER_PATHS = NO;
				CLANG_CXX_LANGUAGE_STANDARD = "gnu++0x";
				CLANG_CXX_LIBRARY = "libc++";
				CLANG_ENABLE_MODULES = YES;
				CLANG_ENABLE_OBJC_ARC = YES;
				CLANG_WARN_BOOL_CONVERSION = YES;
				CLANG_WARN_CONSTANT_CONVERSION = YES;
				CLANG_WARN_DIRECT_OBJC_ISA_USAGE = YES_ERROR;
				CLANG_WARN_EMPTY_BODY = YES;
				CLANG_WARN_ENUM_CONVERSION = YES;
				CLANG_WARN_INT_CONVERSION = YES;
				CLANG_WARN_OBJC_ROOT_CLASS = YES_ERROR;
				CLANG_WARN_UNREACHABLE_CODE = YES;
				CLANG_WARN__DUPLICATE_METHOD_MATCH = YES;
				"CODE_SIGN_IDENTITY[sdk=iphoneos*]" = "iPhone Developer";
				COPY_PHASE_STRIP = NO;
				ENABLE_STRICT_OBJC_MSGSEND = YES;
				GCC_C_LANGUAGE_STANDARD = gnu99;
				GCC_DYNAMIC_NO_PIC = NO;
				GCC_OPTIMIZATION_LEVEL = 0;
				GCC_PREPROCESSOR_DEFINITIONS = (
					"DEBUG=1",
					"$(inherited)",
				);
				GCC_SYMBOLS_PRIVATE_EXTERN = NO;
				GCC_WARN_64_TO_32_BIT_CONVERSION = YES;
				GCC_WARN_ABOUT_RETURN_TYPE = YES_ERROR;
				GCC_WARN_UNDECLARED_SELECTOR = YES;
				GCC_WARN_UNINITIALIZED_AUTOS = YES_AGGRESSIVE;
				GCC_WARN_UNUSED_FUNCTION = YES;
				GCC_WARN_UNUSED_VARIABLE = YES;
				IPHONEOS_DEPLOYMENT_TARGET = 8.1;
				MTL_ENABLE_DEBUG_INFO = YES;
				ONLY_ACTIVE_ARCH = YES;
				SDKROOT = iphoneos;
				SWIFT_OPTIMIZATION_LEVEL = "-Onone";
				TARGETED_DEVICE_FAMILY = "1,2";
			};
			name = Debug;
		};
		269249F71B14ECD7005CC052 /* Release */ = {
			isa = XCBuildConfiguration;
			buildSettings = {
				ALWAYS_SEARCH_USER_PATHS = NO;
				CLANG_CXX_LANGUAGE_STANDARD = "gnu++0x";
				CLANG_CXX_LIBRARY = "libc++";
				CLANG_ENABLE_MODULES = YES;
				CLANG_ENABLE_OBJC_ARC = YES;
				CLANG_WARN_BOOL_CONVERSION = YES;
				CLANG_WARN_CONSTANT_CONVERSION = YES;
				CLANG_WARN_DIRECT_OBJC_ISA_USAGE = YES_ERROR;
				CLANG_WARN_EMPTY_BODY = YES;
				CLANG_WARN_ENUM_CONVERSION = YES;
				CLANG_WARN_INT_CONVERSION = YES;
				CLANG_WARN_OBJC_ROOT_CLASS = YES_ERROR;
				CLANG_WARN_UNREACHABLE_CODE = YES;
				CLANG_WARN__DUPLICATE_METHOD_MATCH = YES;
				"CODE_SIGN_IDENTITY[sdk=iphoneos*]" = "iPhone Developer";
				COPY_PHASE_STRIP = YES;
				ENABLE_NS_ASSERTIONS = NO;
				ENABLE_STRICT_OBJC_MSGSEND = YES;
				GCC_C_LANGUAGE_STANDARD = gnu99;
				GCC_WARN_64_TO_32_BIT_CONVERSION = YES;
				GCC_WARN_ABOUT_RETURN_TYPE = YES_ERROR;
				GCC_WARN_UNDECLARED_SELECTOR = YES;
				GCC_WARN_UNINITIALIZED_AUTOS = YES_AGGRESSIVE;
				GCC_WARN_UNUSED_FUNCTION = YES;
				GCC_WARN_UNUSED_VARIABLE = YES;
				IPHONEOS_DEPLOYMENT_TARGET = 8.1;
				MTL_ENABLE_DEBUG_INFO = NO;
				SDKROOT = iphoneos;
				TARGETED_DEVICE_FAMILY = "1,2";
				VALIDATE_PRODUCT = YES;
			};
			name = Release;
		};
		269249F91B14ECD7005CC052 /* Debug */ = {
			isa = XCBuildConfiguration;
			buildSettings = {
				ASSETCATALOG_COMPILER_APPICON_NAME = AppIcon;
				INFOPLIST_FILE = Yellr/Info.plist;
				LD_RUNPATH_SEARCH_PATHS = "$(inherited) @executable_path/Frameworks";
				PRODUCT_NAME = "$(TARGET_NAME)";
			};
			name = Debug;
		};
		269249FA1B14ECD7005CC052 /* Release */ = {
			isa = XCBuildConfiguration;
			buildSettings = {
				ASSETCATALOG_COMPILER_APPICON_NAME = AppIcon;
				INFOPLIST_FILE = Yellr/Info.plist;
				LD_RUNPATH_SEARCH_PATHS = "$(inherited) @executable_path/Frameworks";
				PRODUCT_NAME = "$(TARGET_NAME)";
			};
			name = Release;
		};
		269249FC1B14ECD7005CC052 /* Debug */ = {
			isa = XCBuildConfiguration;
			buildSettings = {
				BUNDLE_LOADER = "$(TEST_HOST)";
				FRAMEWORK_SEARCH_PATHS = (
					"$(SDKROOT)/Developer/Library/Frameworks",
					"$(inherited)",
				);
				GCC_PREPROCESSOR_DEFINITIONS = (
					"DEBUG=1",
					"$(inherited)",
				);
				INFOPLIST_FILE = YellrTests/Info.plist;
				LD_RUNPATH_SEARCH_PATHS = "$(inherited) @executable_path/Frameworks @loader_path/Frameworks";
				PRODUCT_NAME = "$(TARGET_NAME)";
				TEST_HOST = "$(BUILT_PRODUCTS_DIR)/Yellr.app/Yellr";
			};
			name = Debug;
		};
		269249FD1B14ECD7005CC052 /* Release */ = {
			isa = XCBuildConfiguration;
			buildSettings = {
				BUNDLE_LOADER = "$(TEST_HOST)";
				FRAMEWORK_SEARCH_PATHS = (
					"$(SDKROOT)/Developer/Library/Frameworks",
					"$(inherited)",
				);
				INFOPLIST_FILE = YellrTests/Info.plist;
				LD_RUNPATH_SEARCH_PATHS = "$(inherited) @executable_path/Frameworks @loader_path/Frameworks";
				PRODUCT_NAME = "$(TARGET_NAME)";
				TEST_HOST = "$(BUILT_PRODUCTS_DIR)/Yellr.app/Yellr";
			};
			name = Release;
		};
/* End XCBuildConfiguration section */

/* Begin XCConfigurationList section */
		269249D41B14ECD6005CC052 /* Build configuration list for PBXProject "Yellr" */ = {
			isa = XCConfigurationList;
			buildConfigurations = (
				269249F61B14ECD7005CC052 /* Debug */,
				269249F71B14ECD7005CC052 /* Release */,
			);
			defaultConfigurationIsVisible = 0;
			defaultConfigurationName = Release;
		};
		269249F81B14ECD7005CC052 /* Build configuration list for PBXNativeTarget "Yellr" */ = {
			isa = XCConfigurationList;
			buildConfigurations = (
				269249F91B14ECD7005CC052 /* Debug */,
				269249FA1B14ECD7005CC052 /* Release */,
			);
			defaultConfigurationIsVisible = 0;
		};
		269249FB1B14ECD7005CC052 /* Build configuration list for PBXNativeTarget "YellrTests" */ = {
			isa = XCConfigurationList;
			buildConfigurations = (
				269249FC1B14ECD7005CC052 /* Debug */,
				269249FD1B14ECD7005CC052 /* Release */,
			);
			defaultConfigurationIsVisible = 0;
		};
/* End XCConfigurationList section */
	};
	rootObject = 269249D11B14ECD6005CC052 /* Project object */;
}
