// !$*UTF8*$!
{
	archiveVersion = 1;
	classes = {
	};
	objectVersion = 46;
	objects = {

/* Begin PBXBuildFile section */
		2604889E1B1E541900D781FE /* AddPostViewController.swift in Sources */ = {isa = PBXBuildFile; fileRef = 2604889D1B1E541900D781FE /* AddPostViewController.swift */; };
		260488A81B1EE73B00D781FE /* AssignmentsTableViewCell.swift in Sources */ = {isa = PBXBuildFile; fileRef = 260488A71B1EE73B00D781FE /* AssignmentsTableViewCell.swift */; };
		260488AC1B1EF0D800D781FE /* StoriesTableViewCell.swift in Sources */ = {isa = PBXBuildFile; fileRef = 260488AB1B1EF0D800D781FE /* StoriesTableViewCell.swift */; };
		26157ECA1B1A245700615428 /* LocalTableViewCell.swift in Sources */ = {isa = PBXBuildFile; fileRef = 26157EC91B1A245700615428 /* LocalTableViewCell.swift */; };
		263E1B6B1B18D36A0063E9C6 /* AppDelegate.swift in Sources */ = {isa = PBXBuildFile; fileRef = 263E1B6A1B18D36A0063E9C6 /* AppDelegate.swift */; };
		263E1B721B18D36A0063E9C6 /* Main.storyboard in Resources */ = {isa = PBXBuildFile; fileRef = 263E1B701B18D36A0063E9C6 /* Main.storyboard */; };
		263E1B741B18D36A0063E9C6 /* Images.xcassets in Resources */ = {isa = PBXBuildFile; fileRef = 263E1B731B18D36A0063E9C6 /* Images.xcassets */; };
		263E1B771B18D36A0063E9C6 /* LaunchScreen.xib in Resources */ = {isa = PBXBuildFile; fileRef = 263E1B751B18D36A0063E9C6 /* LaunchScreen.xib */; };
		263E1B831B18D36A0063E9C6 /* YellrTests.swift in Sources */ = {isa = PBXBuildFile; fileRef = 263E1B821B18D36A0063E9C6 /* YellrTests.swift */; };
		263E1B8F1B18E72B0063E9C6 /* LocalTableViewController.swift in Sources */ = {isa = PBXBuildFile; fileRef = 263E1B8E1B18E72B0063E9C6 /* LocalTableViewController.swift */; };
		263E1B911B18E7600063E9C6 /* AssignmentsTableViewController.swift in Sources */ = {isa = PBXBuildFile; fileRef = 263E1B901B18E7600063E9C6 /* AssignmentsTableViewController.swift */; };
		263E1B931B18E76F0063E9C6 /* StoriesTableViewController.swift in Sources */ = {isa = PBXBuildFile; fileRef = 263E1B921B18E76F0063E9C6 /* StoriesTableViewController.swift */; };
		264543671B21E5C500B8EA79 /* LocalViewModel.swift in Sources */ = {isa = PBXBuildFile; fileRef = 264543661B21E5C500B8EA79 /* LocalViewModel.swift */; };
		264543691B21F51500B8EA79 /* LocalPostDataModel.swift in Sources */ = {isa = PBXBuildFile; fileRef = 264543681B21F51500B8EA79 /* LocalPostDataModel.swift */; };
		264543701B2230AE00B8EA79 /* AssignmentsViewModel.swift in Sources */ = {isa = PBXBuildFile; fileRef = 2645436F1B2230AE00B8EA79 /* AssignmentsViewModel.swift */; };
		264543721B2230DA00B8EA79 /* StoriesViewModel.swift in Sources */ = {isa = PBXBuildFile; fileRef = 264543711B2230DA00B8EA79 /* StoriesViewModel.swift */; };
		264543791B22BFB100B8EA79 /* Font-Awesome.swift in Sources */ = {isa = PBXBuildFile; fileRef = 264543781B22BFB100B8EA79 /* Font-Awesome.swift */; };
		2645437B1B23256800B8EA79 /* FontAwesome.otf in Resources */ = {isa = PBXBuildFile; fileRef = 2645437A1B23244A00B8EA79 /* FontAwesome.otf */; };
		269A10D41B1CC4360001577D /* YellrConstants.swift in Sources */ = {isa = PBXBuildFile; fileRef = 269A10D31B1CC4360001577D /* YellrConstants.swift */; };
		269A10DB1B1CCAB90001577D /* Localizable.strings in Resources */ = {isa = PBXBuildFile; fileRef = 269A10DD1B1CCAB90001577D /* Localizable.strings */; };
		26CA8D411B1CD3090094BFC3 /* StoryDetailViewController.swift in Sources */ = {isa = PBXBuildFile; fileRef = 26CA8D401B1CD3090094BFC3 /* StoryDetailViewController.swift */; };
		26CA8D431B1CFA6D0094BFC3 /* YellrHelperFunc.swift in Sources */ = {isa = PBXBuildFile; fileRef = 26CA8D421B1CFA6D0094BFC3 /* YellrHelperFunc.swift */; };
		26CA8D451B1D05980094BFC3 /* YellrTabBarController.swift in Sources */ = {isa = PBXBuildFile; fileRef = 26CA8D441B1D05980094BFC3 /* YellrTabBarController.swift */; };
/* End PBXBuildFile section */

/* Begin PBXContainerItemProxy section */
		263E1B7D1B18D36A0063E9C6 /* PBXContainerItemProxy */ = {
			isa = PBXContainerItemProxy;
			containerPortal = 263E1B5D1B18D36A0063E9C6 /* Project object */;
			proxyType = 1;
			remoteGlobalIDString = 263E1B641B18D36A0063E9C6;
			remoteInfo = Yellr;
		};
/* End PBXContainerItemProxy section */

/* Begin PBXFileReference section */
		2604889D1B1E541900D781FE /* AddPostViewController.swift */ = {isa = PBXFileReference; fileEncoding = 4; lastKnownFileType = sourcecode.swift; path = AddPostViewController.swift; sourceTree = "<group>"; };
		260488A71B1EE73B00D781FE /* AssignmentsTableViewCell.swift */ = {isa = PBXFileReference; fileEncoding = 4; lastKnownFileType = sourcecode.swift; path = AssignmentsTableViewCell.swift; sourceTree = "<group>"; };
		260488AB1B1EF0D800D781FE /* StoriesTableViewCell.swift */ = {isa = PBXFileReference; fileEncoding = 4; lastKnownFileType = sourcecode.swift; path = StoriesTableViewCell.swift; sourceTree = "<group>"; };
		26157EC91B1A245700615428 /* LocalTableViewCell.swift */ = {isa = PBXFileReference; fileEncoding = 4; lastKnownFileType = sourcecode.swift; path = LocalTableViewCell.swift; sourceTree = "<group>"; };
		263E1B651B18D36A0063E9C6 /* Yellr.app */ = {isa = PBXFileReference; explicitFileType = wrapper.application; includeInIndex = 0; path = Yellr.app; sourceTree = BUILT_PRODUCTS_DIR; };
		263E1B691B18D36A0063E9C6 /* Info.plist */ = {isa = PBXFileReference; lastKnownFileType = text.plist.xml; path = Info.plist; sourceTree = "<group>"; };
		263E1B6A1B18D36A0063E9C6 /* AppDelegate.swift */ = {isa = PBXFileReference; lastKnownFileType = sourcecode.swift; path = AppDelegate.swift; sourceTree = "<group>"; };
		263E1B711B18D36A0063E9C6 /* Base */ = {isa = PBXFileReference; lastKnownFileType = file.storyboard; name = Base; path = Base.lproj/Main.storyboard; sourceTree = "<group>"; };
		263E1B731B18D36A0063E9C6 /* Images.xcassets */ = {isa = PBXFileReference; lastKnownFileType = folder.assetcatalog; path = Images.xcassets; sourceTree = "<group>"; };
		263E1B761B18D36A0063E9C6 /* Base */ = {isa = PBXFileReference; lastKnownFileType = file.xib; name = Base; path = Base.lproj/LaunchScreen.xib; sourceTree = "<group>"; };
		263E1B7C1B18D36A0063E9C6 /* YellrTests.xctest */ = {isa = PBXFileReference; explicitFileType = wrapper.cfbundle; includeInIndex = 0; path = YellrTests.xctest; sourceTree = BUILT_PRODUCTS_DIR; };
		263E1B811B18D36A0063E9C6 /* Info.plist */ = {isa = PBXFileReference; lastKnownFileType = text.plist.xml; path = Info.plist; sourceTree = "<group>"; };
		263E1B821B18D36A0063E9C6 /* YellrTests.swift */ = {isa = PBXFileReference; lastKnownFileType = sourcecode.swift; path = YellrTests.swift; sourceTree = "<group>"; };
		263E1B8E1B18E72B0063E9C6 /* LocalTableViewController.swift */ = {isa = PBXFileReference; fileEncoding = 4; lastKnownFileType = sourcecode.swift; path = LocalTableViewController.swift; sourceTree = "<group>"; };
		263E1B901B18E7600063E9C6 /* AssignmentsTableViewController.swift */ = {isa = PBXFileReference; fileEncoding = 4; lastKnownFileType = sourcecode.swift; path = AssignmentsTableViewController.swift; sourceTree = "<group>"; };
		263E1B921B18E76F0063E9C6 /* StoriesTableViewController.swift */ = {isa = PBXFileReference; fileEncoding = 4; lastKnownFileType = sourcecode.swift; path = StoriesTableViewController.swift; sourceTree = "<group>"; };
		264543661B21E5C500B8EA79 /* LocalViewModel.swift */ = {isa = PBXFileReference; fileEncoding = 4; lastKnownFileType = sourcecode.swift; path = LocalViewModel.swift; sourceTree = "<group>"; };
		264543681B21F51500B8EA79 /* LocalPostDataModel.swift */ = {isa = PBXFileReference; fileEncoding = 4; lastKnownFileType = sourcecode.swift; path = LocalPostDataModel.swift; sourceTree = "<group>"; };
		2645436F1B2230AE00B8EA79 /* AssignmentsViewModel.swift */ = {isa = PBXFileReference; fileEncoding = 4; lastKnownFileType = sourcecode.swift; path = AssignmentsViewModel.swift; sourceTree = "<group>"; };
		264543711B2230DA00B8EA79 /* StoriesViewModel.swift */ = {isa = PBXFileReference; fileEncoding = 4; lastKnownFileType = sourcecode.swift; path = StoriesViewModel.swift; sourceTree = "<group>"; };
		264543781B22BFB100B8EA79 /* Font-Awesome.swift */ = {isa = PBXFileReference; fileEncoding = 4; lastKnownFileType = sourcecode.swift; path = "Font-Awesome.swift"; sourceTree = "<group>"; };
		2645437A1B23244A00B8EA79 /* FontAwesome.otf */ = {isa = PBXFileReference; lastKnownFileType = file; path = FontAwesome.otf; sourceTree = "<group>"; };
		265E21DC1B1D79A30026D252 /* Selected.png */ = {isa = PBXFileReference; lastKnownFileType = image.png; path = Selected.png; sourceTree = "<group>"; };
		269A10D31B1CC4360001577D /* YellrConstants.swift */ = {isa = PBXFileReference; fileEncoding = 4; lastKnownFileType = sourcecode.swift; path = YellrConstants.swift; sourceTree = "<group>"; };
		269A10D51B1CC8D90001577D /* es */ = {isa = PBXFileReference; lastKnownFileType = text.plist.strings; name = es; path = es.lproj/Main.strings; sourceTree = "<group>"; };
		269A10D61B1CC8D90001577D /* es */ = {isa = PBXFileReference; lastKnownFileType = text.plist.strings; name = es; path = es.lproj/LaunchScreen.strings; sourceTree = "<group>"; };
		269A10D71B1CC8F30001577D /* es-MX */ = {isa = PBXFileReference; lastKnownFileType = text.plist.strings; name = "es-MX"; path = "es-MX.lproj/Main.strings"; sourceTree = "<group>"; };
		269A10D81B1CC8F30001577D /* es-MX */ = {isa = PBXFileReference; lastKnownFileType = text.plist.strings; name = "es-MX"; path = "es-MX.lproj/LaunchScreen.strings"; sourceTree = "<group>"; };
		269A10DF1B1CCAC40001577D /* es */ = {isa = PBXFileReference; lastKnownFileType = text.plist.strings; name = es; path = es.lproj/Localizable.strings; sourceTree = "<group>"; };
		269A10E01B1CCAC50001577D /* es-MX */ = {isa = PBXFileReference; lastKnownFileType = text.plist.strings; name = "es-MX"; path = "es-MX.lproj/Localizable.strings"; sourceTree = "<group>"; };
		26CA8D3F1B1CCB110094BFC3 /* en */ = {isa = PBXFileReference; lastKnownFileType = text.plist.strings; name = en; path = en.lproj/Localizable.strings; sourceTree = "<group>"; };
		26CA8D401B1CD3090094BFC3 /* StoryDetailViewController.swift */ = {isa = PBXFileReference; fileEncoding = 4; lastKnownFileType = sourcecode.swift; path = StoryDetailViewController.swift; sourceTree = "<group>"; };
		26CA8D421B1CFA6D0094BFC3 /* YellrHelperFunc.swift */ = {isa = PBXFileReference; fileEncoding = 4; lastKnownFileType = sourcecode.swift; path = YellrHelperFunc.swift; sourceTree = "<group>"; };
		26CA8D441B1D05980094BFC3 /* YellrTabBarController.swift */ = {isa = PBXFileReference; fileEncoding = 4; lastKnownFileType = sourcecode.swift; path = YellrTabBarController.swift; sourceTree = "<group>"; };
/* End PBXFileReference section */

/* Begin PBXFrameworksBuildPhase section */
		263E1B621B18D36A0063E9C6 /* Frameworks */ = {
			isa = PBXFrameworksBuildPhase;
			buildActionMask = 2147483647;
			files = (
			);
			runOnlyForDeploymentPostprocessing = 0;
		};
		263E1B791B18D36A0063E9C6 /* Frameworks */ = {
			isa = PBXFrameworksBuildPhase;
			buildActionMask = 2147483647;
			files = (
			);
			runOnlyForDeploymentPostprocessing = 0;
		};
/* End PBXFrameworksBuildPhase section */

/* Begin PBXGroup section */
		263E1B5C1B18D36A0063E9C6 = {
			isa = PBXGroup;
			children = (
				263E1B671B18D36A0063E9C6 /* Yellr */,
				263E1B7F1B18D36A0063E9C6 /* YellrTests */,
				263E1B661B18D36A0063E9C6 /* Products */,
			);
			sourceTree = "<group>";
		};
		263E1B661B18D36A0063E9C6 /* Products */ = {
			isa = PBXGroup;
			children = (
				263E1B651B18D36A0063E9C6 /* Yellr.app */,
				263E1B7C1B18D36A0063E9C6 /* YellrTests.xctest */,
			);
			name = Products;
			sourceTree = "<group>";
		};
		263E1B671B18D36A0063E9C6 /* Yellr */ = {
			isa = PBXGroup;
			children = (
				2645436D1B221CFF00B8EA79 /* DataModels */,
				2645436C1B221CEF00B8EA79 /* ViewModels */,
				2645436B1B221CB200B8EA79 /* TableViewControllers */,
				2645436E1B221D0E00B8EA79 /* TableViewCells */,
				263E1B6A1B18D36A0063E9C6 /* AppDelegate.swift */,
				26CA8D441B1D05980094BFC3 /* YellrTabBarController.swift */,
				26CA8D401B1CD3090094BFC3 /* StoryDetailViewController.swift */,
				2604889D1B1E541900D781FE /* AddPostViewController.swift */,
				263E1B701B18D36A0063E9C6 /* Main.storyboard */,
				263E1B731B18D36A0063E9C6 /* Images.xcassets */,
				263E1B751B18D36A0063E9C6 /* LaunchScreen.xib */,
				263E1B681B18D36A0063E9C6 /* Supporting Files */,
				265E21DE1B1D79AB0026D252 /* Images */,
				269A10DD1B1CCAB90001577D /* Localizable.strings */,
			);
			path = Yellr;
			sourceTree = "<group>";
		};
		263E1B681B18D36A0063E9C6 /* Supporting Files */ = {
			isa = PBXGroup;
			children = (
				2645437A1B23244A00B8EA79 /* FontAwesome.otf */,
				264543781B22BFB100B8EA79 /* Font-Awesome.swift */,
				269A10D31B1CC4360001577D /* YellrConstants.swift */,
				26CA8D421B1CFA6D0094BFC3 /* YellrHelperFunc.swift */,
				263E1B691B18D36A0063E9C6 /* Info.plist */,
			);
			name = "Supporting Files";
			sourceTree = "<group>";
		};
		263E1B7F1B18D36A0063E9C6 /* YellrTests */ = {
			isa = PBXGroup;
			children = (
				263E1B821B18D36A0063E9C6 /* YellrTests.swift */,
				263E1B801B18D36A0063E9C6 /* Supporting Files */,
			);
			path = YellrTests;
			sourceTree = "<group>";
		};
		263E1B801B18D36A0063E9C6 /* Supporting Files */ = {
			isa = PBXGroup;
			children = (
				263E1B811B18D36A0063E9C6 /* Info.plist */,
			);
			name = "Supporting Files";
			sourceTree = "<group>";
		};
		2645436B1B221CB200B8EA79 /* TableViewControllers */ = {
			isa = PBXGroup;
			children = (
				263E1B8E1B18E72B0063E9C6 /* LocalTableViewController.swift */,
				263E1B901B18E7600063E9C6 /* AssignmentsTableViewController.swift */,
				263E1B921B18E76F0063E9C6 /* StoriesTableViewController.swift */,
			);
			name = TableViewControllers;
			sourceTree = "<group>";
		};
		2645436C1B221CEF00B8EA79 /* ViewModels */ = {
			isa = PBXGroup;
			children = (
				264543661B21E5C500B8EA79 /* LocalViewModel.swift */,
				2645436F1B2230AE00B8EA79 /* AssignmentsViewModel.swift */,
				264543711B2230DA00B8EA79 /* StoriesViewModel.swift */,
			);
			name = ViewModels;
			sourceTree = "<group>";
		};
		2645436D1B221CFF00B8EA79 /* DataModels */ = {
			isa = PBXGroup;
			children = (
				264543681B21F51500B8EA79 /* LocalPostDataModel.swift */,
			);
			name = DataModels;
			sourceTree = "<group>";
		};
		2645436E1B221D0E00B8EA79 /* TableViewCells */ = {
			isa = PBXGroup;
			children = (
				26157EC91B1A245700615428 /* LocalTableViewCell.swift */,
				260488A71B1EE73B00D781FE /* AssignmentsTableViewCell.swift */,
				260488AB1B1EF0D800D781FE /* StoriesTableViewCell.swift */,
			);
			name = TableViewCells;
			sourceTree = "<group>";
		};
		265E21DE1B1D79AB0026D252 /* Images */ = {
			isa = PBXGroup;
			children = (
				265E21DC1B1D79A30026D252 /* Selected.png */,
			);
			name = Images;
			sourceTree = "<group>";
		};
/* End PBXGroup section */

/* Begin PBXNativeTarget section */
		263E1B641B18D36A0063E9C6 /* Yellr */ = {
			isa = PBXNativeTarget;
			buildConfigurationList = 263E1B861B18D36A0063E9C6 /* Build configuration list for PBXNativeTarget "Yellr" */;
			buildPhases = (
				263E1B611B18D36A0063E9C6 /* Sources */,
				263E1B621B18D36A0063E9C6 /* Frameworks */,
				263E1B631B18D36A0063E9C6 /* Resources */,
			);
			buildRules = (
			);
			dependencies = (
			);
			name = Yellr;
			productName = Yellr;
			productReference = 263E1B651B18D36A0063E9C6 /* Yellr.app */;
			productType = "com.apple.product-type.application";
		};
		263E1B7B1B18D36A0063E9C6 /* YellrTests */ = {
			isa = PBXNativeTarget;
			buildConfigurationList = 263E1B891B18D36A0063E9C6 /* Build configuration list for PBXNativeTarget "YellrTests" */;
			buildPhases = (
				263E1B781B18D36A0063E9C6 /* Sources */,
				263E1B791B18D36A0063E9C6 /* Frameworks */,
				263E1B7A1B18D36A0063E9C6 /* Resources */,
			);
			buildRules = (
			);
			dependencies = (
				263E1B7E1B18D36A0063E9C6 /* PBXTargetDependency */,
			);
			name = YellrTests;
			productName = YellrTests;
			productReference = 263E1B7C1B18D36A0063E9C6 /* YellrTests.xctest */;
			productType = "com.apple.product-type.bundle.unit-test";
		};
/* End PBXNativeTarget section */

/* Begin PBXProject section */
		263E1B5D1B18D36A0063E9C6 /* Project object */ = {
			isa = PBXProject;
			attributes = {
				LastUpgradeCheck = 0610;
				ORGANIZATIONNAME = wxxi;
				TargetAttributes = {
					263E1B641B18D36A0063E9C6 = {
						CreatedOnToolsVersion = 6.1;
					};
					263E1B7B1B18D36A0063E9C6 = {
						CreatedOnToolsVersion = 6.1;
						TestTargetID = 263E1B641B18D36A0063E9C6;
					};
				};
			};
			buildConfigurationList = 263E1B601B18D36A0063E9C6 /* Build configuration list for PBXProject "Yellr" */;
			compatibilityVersion = "Xcode 3.2";
			developmentRegion = English;
			hasScannedForEncodings = 0;
			knownRegions = (
				en,
				Base,
				es,
				"es-MX",
			);
			mainGroup = 263E1B5C1B18D36A0063E9C6;
			productRefGroup = 263E1B661B18D36A0063E9C6 /* Products */;
			projectDirPath = "";
			projectRoot = "";
			targets = (
				263E1B641B18D36A0063E9C6 /* Yellr */,
				263E1B7B1B18D36A0063E9C6 /* YellrTests */,
			);
		};
/* End PBXProject section */

/* Begin PBXResourcesBuildPhase section */
		263E1B631B18D36A0063E9C6 /* Resources */ = {
			isa = PBXResourcesBuildPhase;
			buildActionMask = 2147483647;
			files = (
				2645437B1B23256800B8EA79 /* FontAwesome.otf in Resources */,
				263E1B721B18D36A0063E9C6 /* Main.storyboard in Resources */,
				269A10DB1B1CCAB90001577D /* Localizable.strings in Resources */,
				263E1B771B18D36A0063E9C6 /* LaunchScreen.xib in Resources */,
				263E1B741B18D36A0063E9C6 /* Images.xcassets in Resources */,
			);
			runOnlyForDeploymentPostprocessing = 0;
		};
		263E1B7A1B18D36A0063E9C6 /* Resources */ = {
			isa = PBXResourcesBuildPhase;
			buildActionMask = 2147483647;
			files = (
			);
			runOnlyForDeploymentPostprocessing = 0;
		};
/* End PBXResourcesBuildPhase section */

/* Begin PBXSourcesBuildPhase section */
		263E1B611B18D36A0063E9C6 /* Sources */ = {
			isa = PBXSourcesBuildPhase;
			buildActionMask = 2147483647;
			files = (
				26CA8D451B1D05980094BFC3 /* YellrTabBarController.swift in Sources */,
				263E1B6B1B18D36A0063E9C6 /* AppDelegate.swift in Sources */,
				26157ECA1B1A245700615428 /* LocalTableViewCell.swift in Sources */,
				26CA8D411B1CD3090094BFC3 /* StoryDetailViewController.swift in Sources */,
				264543691B21F51500B8EA79 /* LocalPostDataModel.swift in Sources */,
				260488A81B1EE73B00D781FE /* AssignmentsTableViewCell.swift in Sources */,
				264543671B21E5C500B8EA79 /* LocalViewModel.swift in Sources */,
				264543721B2230DA00B8EA79 /* StoriesViewModel.swift in Sources */,
				269A10D41B1CC4360001577D /* YellrConstants.swift in Sources */,
				26CA8D431B1CFA6D0094BFC3 /* YellrHelperFunc.swift in Sources */,
				2604889E1B1E541900D781FE /* AddPostViewController.swift in Sources */,
				263E1B911B18E7600063E9C6 /* AssignmentsTableViewController.swift in Sources */,
				263E1B931B18E76F0063E9C6 /* StoriesTableViewController.swift in Sources */,
				264543701B2230AE00B8EA79 /* AssignmentsViewModel.swift in Sources */,
				260488AC1B1EF0D800D781FE /* StoriesTableViewCell.swift in Sources */,
				263E1B8F1B18E72B0063E9C6 /* LocalTableViewController.swift in Sources */,
				264543791B22BFB100B8EA79 /* Font-Awesome.swift in Sources */,
			);
			runOnlyForDeploymentPostprocessing = 0;
		};
		263E1B781B18D36A0063E9C6 /* Sources */ = {
			isa = PBXSourcesBuildPhase;
			buildActionMask = 2147483647;
			files = (
				263E1B831B18D36A0063E9C6 /* YellrTests.swift in Sources */,
			);
			runOnlyForDeploymentPostprocessing = 0;
		};
/* End PBXSourcesBuildPhase section */

/* Begin PBXTargetDependency section */
		263E1B7E1B18D36A0063E9C6 /* PBXTargetDependency */ = {
			isa = PBXTargetDependency;
			target = 263E1B641B18D36A0063E9C6 /* Yellr */;
			targetProxy = 263E1B7D1B18D36A0063E9C6 /* PBXContainerItemProxy */;
		};
/* End PBXTargetDependency section */

/* Begin PBXVariantGroup section */
		263E1B701B18D36A0063E9C6 /* Main.storyboard */ = {
			isa = PBXVariantGroup;
			children = (
				263E1B711B18D36A0063E9C6 /* Base */,
				269A10D51B1CC8D90001577D /* es */,
				269A10D71B1CC8F30001577D /* es-MX */,
			);
			name = Main.storyboard;
			sourceTree = "<group>";
		};
		263E1B751B18D36A0063E9C6 /* LaunchScreen.xib */ = {
			isa = PBXVariantGroup;
			children = (
				263E1B761B18D36A0063E9C6 /* Base */,
				269A10D61B1CC8D90001577D /* es */,
				269A10D81B1CC8F30001577D /* es-MX */,
			);
			name = LaunchScreen.xib;
			sourceTree = "<group>";
		};
		269A10DD1B1CCAB90001577D /* Localizable.strings */ = {
			isa = PBXVariantGroup;
			children = (
				269A10DF1B1CCAC40001577D /* es */,
				269A10E01B1CCAC50001577D /* es-MX */,
				26CA8D3F1B1CCB110094BFC3 /* en */,
			);
			name = Localizable.strings;
			sourceTree = "<group>";
		};
/* End PBXVariantGroup section */

/* Begin XCBuildConfiguration section */
		263E1B841B18D36A0063E9C6 /* Debug */ = {
			isa = XCBuildConfiguration;
			buildSettings = {
				ALWAYS_SEARCH_USER_PATHS = NO;
				CLANG_CXX_LANGUAGE_STANDARD = "gnu++0x";
				CLANG_CXX_LIBRARY = "libc++";
				CLANG_ENABLE_MODULES = YES;
				CLANG_ENABLE_OBJC_ARC = YES;
				CLANG_WARN_BOOL_CONVERSION = YES;
				CLANG_WARN_CONSTANT_CONVERSION = YES;
				CLANG_WARN_DIRECT_OBJC_ISA_USAGE = YES_ERROR;
				CLANG_WARN_EMPTY_BODY = YES;
				CLANG_WARN_ENUM_CONVERSION = YES;
				CLANG_WARN_INT_CONVERSION = YES;
				CLANG_WARN_OBJC_ROOT_CLASS = YES_ERROR;
				CLANG_WARN_UNREACHABLE_CODE = YES;
				CLANG_WARN__DUPLICATE_METHOD_MATCH = YES;
				"CODE_SIGN_IDENTITY[sdk=iphoneos*]" = "iPhone Developer";
				COPY_PHASE_STRIP = NO;
				ENABLE_STRICT_OBJC_MSGSEND = YES;
				GCC_C_LANGUAGE_STANDARD = gnu99;
				GCC_DYNAMIC_NO_PIC = NO;
				GCC_OPTIMIZATION_LEVEL = 0;
				GCC_PREPROCESSOR_DEFINITIONS = (
					"DEBUG=1",
					"$(inherited)",
				);
				GCC_SYMBOLS_PRIVATE_EXTERN = NO;
				GCC_WARN_64_TO_32_BIT_CONVERSION = YES;
				GCC_WARN_ABOUT_RETURN_TYPE = YES_ERROR;
				GCC_WARN_UNDECLARED_SELECTOR = YES;
				GCC_WARN_UNINITIALIZED_AUTOS = YES_AGGRESSIVE;
				GCC_WARN_UNUSED_FUNCTION = YES;
				GCC_WARN_UNUSED_VARIABLE = YES;
				IPHONEOS_DEPLOYMENT_TARGET = 7.1;
				MTL_ENABLE_DEBUG_INFO = YES;
				ONLY_ACTIVE_ARCH = YES;
				SDKROOT = iphoneos;
				SWIFT_OPTIMIZATION_LEVEL = "-Onone";
			};
			name = Debug;
		};
		263E1B851B18D36A0063E9C6 /* Release */ = {
			isa = XCBuildConfiguration;
			buildSettings = {
				ALWAYS_SEARCH_USER_PATHS = NO;
				CLANG_CXX_LANGUAGE_STANDARD = "gnu++0x";
				CLANG_CXX_LIBRARY = "libc++";
				CLANG_ENABLE_MODULES = YES;
				CLANG_ENABLE_OBJC_ARC = YES;
				CLANG_WARN_BOOL_CONVERSION = YES;
				CLANG_WARN_CONSTANT_CONVERSION = YES;
				CLANG_WARN_DIRECT_OBJC_ISA_USAGE = YES_ERROR;
				CLANG_WARN_EMPTY_BODY = YES;
				CLANG_WARN_ENUM_CONVERSION = YES;
				CLANG_WARN_INT_CONVERSION = YES;
				CLANG_WARN_OBJC_ROOT_CLASS = YES_ERROR;
				CLANG_WARN_UNREACHABLE_CODE = YES;
				CLANG_WARN__DUPLICATE_METHOD_MATCH = YES;
				"CODE_SIGN_IDENTITY[sdk=iphoneos*]" = "iPhone Developer";
				COPY_PHASE_STRIP = YES;
				ENABLE_NS_ASSERTIONS = NO;
				ENABLE_STRICT_OBJC_MSGSEND = YES;
				GCC_C_LANGUAGE_STANDARD = gnu99;
				GCC_WARN_64_TO_32_BIT_CONVERSION = YES;
				GCC_WARN_ABOUT_RETURN_TYPE = YES_ERROR;
				GCC_WARN_UNDECLARED_SELECTOR = YES;
				GCC_WARN_UNINITIALIZED_AUTOS = YES_AGGRESSIVE;
				GCC_WARN_UNUSED_FUNCTION = YES;
				GCC_WARN_UNUSED_VARIABLE = YES;
				IPHONEOS_DEPLOYMENT_TARGET = 7.1;
				MTL_ENABLE_DEBUG_INFO = NO;
				SDKROOT = iphoneos;
				VALIDATE_PRODUCT = YES;
			};
			name = Release;
		};
		263E1B871B18D36A0063E9C6 /* Debug */ = {
			isa = XCBuildConfiguration;
			buildSettings = {
				ASSETCATALOG_COMPILER_APPICON_NAME = AppIcon;
				INFOPLIST_FILE = Yellr/Info.plist;
				IPHONEOS_DEPLOYMENT_TARGET = 7.1;
				LD_RUNPATH_SEARCH_PATHS = "$(inherited) @executable_path/Frameworks";
				PRODUCT_NAME = "$(TARGET_NAME)";
			};
			name = Debug;
		};
		263E1B881B18D36A0063E9C6 /* Release */ = {
			isa = XCBuildConfiguration;
			buildSettings = {
				ASSETCATALOG_COMPILER_APPICON_NAME = AppIcon;
				INFOPLIST_FILE = Yellr/Info.plist;
				IPHONEOS_DEPLOYMENT_TARGET = 7.1;
				LD_RUNPATH_SEARCH_PATHS = "$(inherited) @executable_path/Frameworks";
				PRODUCT_NAME = "$(TARGET_NAME)";
			};
			name = Release;
		};
		263E1B8A1B18D36A0063E9C6 /* Debug */ = {
			isa = XCBuildConfiguration;
			buildSettings = {
				BUNDLE_LOADER = "$(TEST_HOST)";
				FRAMEWORK_SEARCH_PATHS = (
					"$(SDKROOT)/Developer/Library/Frameworks",
					"$(inherited)",
				);
				GCC_PREPROCESSOR_DEFINITIONS = (
					"DEBUG=1",
					"$(inherited)",
				);
				INFOPLIST_FILE = YellrTests/Info.plist;
				LD_RUNPATH_SEARCH_PATHS = "$(inherited) @executable_path/Frameworks @loader_path/Frameworks";
				PRODUCT_NAME = "$(TARGET_NAME)";
				TEST_HOST = "$(BUILT_PRODUCTS_DIR)/Yellr.app/Yellr";
			};
			name = Debug;
		};
		263E1B8B1B18D36A0063E9C6 /* Release */ = {
			isa = XCBuildConfiguration;
			buildSettings = {
				BUNDLE_LOADER = "$(TEST_HOST)";
				FRAMEWORK_SEARCH_PATHS = (
					"$(SDKROOT)/Developer/Library/Frameworks",
					"$(inherited)",
				);
				INFOPLIST_FILE = YellrTests/Info.plist;
				LD_RUNPATH_SEARCH_PATHS = "$(inherited) @executable_path/Frameworks @loader_path/Frameworks";
				PRODUCT_NAME = "$(TARGET_NAME)";
				TEST_HOST = "$(BUILT_PRODUCTS_DIR)/Yellr.app/Yellr";
			};
			name = Release;
		};
/* End XCBuildConfiguration section */

/* Begin XCConfigurationList section */
		263E1B601B18D36A0063E9C6 /* Build configuration list for PBXProject "Yellr" */ = {
			isa = XCConfigurationList;
			buildConfigurations = (
				263E1B841B18D36A0063E9C6 /* Debug */,
				263E1B851B18D36A0063E9C6 /* Release */,
			);
			defaultConfigurationIsVisible = 0;
			defaultConfigurationName = Release;
		};
		263E1B861B18D36A0063E9C6 /* Build configuration list for PBXNativeTarget "Yellr" */ = {
			isa = XCConfigurationList;
			buildConfigurations = (
				263E1B871B18D36A0063E9C6 /* Debug */,
				263E1B881B18D36A0063E9C6 /* Release */,
			);
			defaultConfigurationIsVisible = 0;
			defaultConfigurationName = Release;
		};
		263E1B891B18D36A0063E9C6 /* Build configuration list for PBXNativeTarget "YellrTests" */ = {
			isa = XCConfigurationList;
			buildConfigurations = (
				263E1B8A1B18D36A0063E9C6 /* Debug */,
				263E1B8B1B18D36A0063E9C6 /* Release */,
			);
			defaultConfigurationIsVisible = 0;
			defaultConfigurationName = Release;
		};
/* End XCConfigurationList section */
	};
	rootObject = 263E1B5D1B18D36A0063E9C6 /* Project object */;
}
